
Microsoft Visual Studio Solution File, Format Version 12.00
# Visual Studio Version 17
VisualStudioVersion = 17.2.32519.379
MinimumVisualStudioVersion = 10.0.40219.1
Project("{FAE04EC0-301F-11D3-BF4B-00C04F79EFBC}") = "SistemaDeViagens", "SistemaDeViagens.csproj", "{1FBB626A-7257-449B-B9BC-267B55471BE4}"
EndProject
Global
	GlobalSection(SolutionConfigurationPlatforms) = preSolution
		Debug|Any CPU = Debug|Any CPU
		Release|Any CPU = Release|Any CPU
	EndGlobalSection
	GlobalSection(ProjectConfigurationPlatforms) = postSolution
		{1FBB626A-7257-449B-B9BC-267B55471BE4}.Debug|Any CPU.ActiveCfg = Debug|Any CPU
		{1FBB626A-7257-449B-B9BC-267B55471BE4}.Debug|Any CPU.Build.0 = Debug|Any CPU
		{1FBB626A-7257-449B-B9BC-267B55471BE4}.Release|Any CPU.ActiveCfg = Release|Any CPU
		{1FBB626A-7257-449B-B9BC-267B55471BE4}.Release|Any CPU.Build.0 = Release|Any CPU
	EndGlobalSection
	GlobalSection(SolutionProperties) = preSolution
		HideSolutionNode = FALSE
	EndGlobalSection
	GlobalSection(ExtensibilityGlobals) = postSolution
		SolutionGuid = {A4A7C743-66AA-4483-B653-00A95D56503C}
	EndGlobalSection
EndGlobal
